
Microsoft Visual Studio Solution File, Format Version 12.00
# Visual Studio Version 17
VisualStudioVersion = 17.1.32210.238
MinimumVisualStudioVersion = 10.0.40219.1
Project("{FAE04EC0-301F-11D3-BF4B-00C04F79EFBC}") = "VehicleDataApp", "VehicleDataApp\VehicleDataApp.csproj", "{0C9262DE-5B7B-48B9-B287-6E55D41E3C3E}"
EndProject
Global
	GlobalSection(SolutionConfigurationPlatforms) = preSolution
		Debug|Any CPU = Debug|Any CPU
		Release|Any CPU = Release|Any CPU
	EndGlobalSection
	GlobalSection(ProjectConfigurationPlatforms) = postSolution
		{0C9262DE-5B7B-48B9-B287-6E55D41E3C3E}.Debug|Any CPU.ActiveCfg = Debug|Any CPU
		{0C9262DE-5B7B-48B9-B287-6E55D41E3C3E}.Debug|Any CPU.Build.0 = Debug|Any CPU
		{0C9262DE-5B7B-48B9-B287-6E55D41E3C3E}.Release|Any CPU.ActiveCfg = Release|Any CPU
		{0C9262DE-5B7B-48B9-B287-6E55D41E3C3E}.Release|Any CPU.Build.0 = Release|Any CPU
	EndGlobalSection
	GlobalSection(SolutionProperties) = preSolution
		HideSolutionNode = FALSE
	EndGlobalSection
	GlobalSection(ExtensibilityGlobals) = postSolution
		SolutionGuid = {3F59F2D1-12E0-4B02-B7C1-6F8B766C1A29}
	EndGlobalSection
EndGlobal
